
Microsoft Visual Studio Solution File, Format Version 12.00
# Visual Studio Version 16
VisualStudioVersion = 16.0.30907.101
MinimumVisualStudioVersion = 10.0.40219.1
Project("{FAE04EC0-301F-11D3-BF4B-00C04F79EFBC}") = "VisualStudio2019-CSGitDemo", "VisualStudio2019-CSGitDemo.csproj", "{6052274A-43E9-44D1-B385-2EDB114AE502}"
EndProject
Global
	GlobalSection(SolutionConfigurationPlatforms) = preSolution
		Debug|Any CPU = Debug|Any CPU
		Release|Any CPU = Release|Any CPU
	EndGlobalSection
	GlobalSection(ProjectConfigurationPlatforms) = postSolution
		{6052274A-43E9-44D1-B385-2EDB114AE502}.Debug|Any CPU.ActiveCfg = Debug|Any CPU
		{6052274A-43E9-44D1-B385-2EDB114AE502}.Debug|Any CPU.Build.0 = Debug|Any CPU
		{6052274A-43E9-44D1-B385-2EDB114AE502}.Release|Any CPU.ActiveCfg = Release|Any CPU
		{6052274A-43E9-44D1-B385-2EDB114AE502}.Release|Any CPU.Build.0 = Release|Any CPU
	EndGlobalSection
	GlobalSection(SolutionProperties) = preSolution
		HideSolutionNode = FALSE
	EndGlobalSection
	GlobalSection(ExtensibilityGlobals) = postSolution
		SolutionGuid = {9C939F2F-2D0C-412C-88DE-68EBA9B8816D}
	EndGlobalSection
EndGlobal
